
Microsoft Visual Studio Solution File, Format Version 12.00
# Visual Studio Version 17
VisualStudioVersion = 17.9.34701.34
MinimumVisualStudioVersion = 10.0.40219.1
Project("{FAE04EC0-301F-11D3-BF4B-00C04F79EFBC}") = "Combat_de_créature", "Combat_de_créature\Combat_de_créature.csproj", "{5AFF6984-7EF2-49A9-827C-646D8AE743D9}"
EndProject
Project("{FAE04EC0-301F-11D3-BF4B-00C04F79EFBC}") = "Models", "Models\Models.csproj", "{4651C457-6089-4B2D-9245-D0EFD4D807A6}"
EndProject
Global
	GlobalSection(SolutionConfigurationPlatforms) = preSolution
		Debug|Any CPU = Debug|Any CPU
		Release|Any CPU = Release|Any CPU
	EndGlobalSection
	GlobalSection(ProjectConfigurationPlatforms) = postSolution
		{5AFF6984-7EF2-49A9-827C-646D8AE743D9}.Debug|Any CPU.ActiveCfg = Debug|Any CPU
		{5AFF6984-7EF2-49A9-827C-646D8AE743D9}.Debug|Any CPU.Build.0 = Debug|Any CPU
		{5AFF6984-7EF2-49A9-827C-646D8AE743D9}.Release|Any CPU.ActiveCfg = Release|Any CPU
		{5AFF6984-7EF2-49A9-827C-646D8AE743D9}.Release|Any CPU.Build.0 = Release|Any CPU
		{4651C457-6089-4B2D-9245-D0EFD4D807A6}.Debug|Any CPU.ActiveCfg = Debug|Any CPU
		{4651C457-6089-4B2D-9245-D0EFD4D807A6}.Debug|Any CPU.Build.0 = Debug|Any CPU
		{4651C457-6089-4B2D-9245-D0EFD4D807A6}.Release|Any CPU.ActiveCfg = Release|Any CPU
		{4651C457-6089-4B2D-9245-D0EFD4D807A6}.Release|Any CPU.Build.0 = Release|Any CPU
	EndGlobalSection
	GlobalSection(SolutionProperties) = preSolution
		HideSolutionNode = FALSE
	EndGlobalSection
	GlobalSection(ExtensibilityGlobals) = postSolution
		SolutionGuid = {A5B72405-BC2A-4F09-9167-16C314F33AF4}
	EndGlobalSection
EndGlobal
